
Microsoft Visual Studio Solution File, Format Version 12.00
# Visual Studio Version 16
VisualStudioVersion = 16.0.30114.105
MinimumVisualStudioVersion = 10.0.40219.1
Project("{FAE04EC0-301F-11D3-BF4B-00C04F79EFBC}") = "assignment0", "assignment\assignment0.csproj", "{1F129114-EAFF-4E6D-959A-C285C8958B41}"
EndProject
Project("{FAE04EC0-301F-11D3-BF4B-00C04F79EFBC}") = "assignment0.Tests", "assignment0.Tests\assignment0.Tests.csproj", "{9EA227D1-BD38-4C0A-B884-0F8A3FE93858}"
EndProject
Project("{FAE04EC0-301F-11D3-BF4B-00C04F79EFBC}") = "assignment", "assignment\assignment.csproj", "{9AB2E2E3-1C85-4C7D-AB4B-8451CAF89FCE}"
EndProject
Global
	GlobalSection(SolutionConfigurationPlatforms) = preSolution
		Debug|Any CPU = Debug|Any CPU
		Debug|x64 = Debug|x64
		Debug|x86 = Debug|x86
		Release|Any CPU = Release|Any CPU
		Release|x64 = Release|x64
		Release|x86 = Release|x86
	EndGlobalSection
	GlobalSection(SolutionProperties) = preSolution
		HideSolutionNode = FALSE
	EndGlobalSection
	GlobalSection(ProjectConfigurationPlatforms) = postSolution
		{1F129114-EAFF-4E6D-959A-C285C8958B41}.Debug|Any CPU.ActiveCfg = Debug|Any CPU
		{1F129114-EAFF-4E6D-959A-C285C8958B41}.Debug|Any CPU.Build.0 = Debug|Any CPU
		{1F129114-EAFF-4E6D-959A-C285C8958B41}.Debug|x64.ActiveCfg = Debug|Any CPU
		{1F129114-EAFF-4E6D-959A-C285C8958B41}.Debug|x64.Build.0 = Debug|Any CPU
		{1F129114-EAFF-4E6D-959A-C285C8958B41}.Debug|x86.ActiveCfg = Debug|Any CPU
		{1F129114-EAFF-4E6D-959A-C285C8958B41}.Debug|x86.Build.0 = Debug|Any CPU
		{1F129114-EAFF-4E6D-959A-C285C8958B41}.Release|Any CPU.ActiveCfg = Release|Any CPU
		{1F129114-EAFF-4E6D-959A-C285C8958B41}.Release|Any CPU.Build.0 = Release|Any CPU
		{1F129114-EAFF-4E6D-959A-C285C8958B41}.Release|x64.ActiveCfg = Release|Any CPU
		{1F129114-EAFF-4E6D-959A-C285C8958B41}.Release|x64.Build.0 = Release|Any CPU
		{1F129114-EAFF-4E6D-959A-C285C8958B41}.Release|x86.ActiveCfg = Release|Any CPU
		{1F129114-EAFF-4E6D-959A-C285C8958B41}.Release|x86.Build.0 = Release|Any CPU
		{9EA227D1-BD38-4C0A-B884-0F8A3FE93858}.Debug|Any CPU.ActiveCfg = Debug|Any CPU
		{9EA227D1-BD38-4C0A-B884-0F8A3FE93858}.Debug|Any CPU.Build.0 = Debug|Any CPU
		{9EA227D1-BD38-4C0A-B884-0F8A3FE93858}.Debug|x64.ActiveCfg = Debug|Any CPU
		{9EA227D1-BD38-4C0A-B884-0F8A3FE93858}.Debug|x64.Build.0 = Debug|Any CPU
		{9EA227D1-BD38-4C0A-B884-0F8A3FE93858}.Debug|x86.ActiveCfg = Debug|Any CPU
		{9EA227D1-BD38-4C0A-B884-0F8A3FE93858}.Debug|x86.Build.0 = Debug|Any CPU
		{9EA227D1-BD38-4C0A-B884-0F8A3FE93858}.Release|Any CPU.ActiveCfg = Release|Any CPU
		{9EA227D1-BD38-4C0A-B884-0F8A3FE93858}.Release|Any CPU.Build.0 = Release|Any CPU
		{9EA227D1-BD38-4C0A-B884-0F8A3FE93858}.Release|x64.ActiveCfg = Release|Any CPU
		{9EA227D1-BD38-4C0A-B884-0F8A3FE93858}.Release|x64.Build.0 = Release|Any CPU
		{9EA227D1-BD38-4C0A-B884-0F8A3FE93858}.Release|x86.ActiveCfg = Release|Any CPU
		{9EA227D1-BD38-4C0A-B884-0F8A3FE93858}.Release|x86.Build.0 = Release|Any CPU
		{9AB2E2E3-1C85-4C7D-AB4B-8451CAF89FCE}.Debug|Any CPU.ActiveCfg = Debug|Any CPU
		{9AB2E2E3-1C85-4C7D-AB4B-8451CAF89FCE}.Debug|Any CPU.Build.0 = Debug|Any CPU
		{9AB2E2E3-1C85-4C7D-AB4B-8451CAF89FCE}.Debug|x64.ActiveCfg = Debug|Any CPU
		{9AB2E2E3-1C85-4C7D-AB4B-8451CAF89FCE}.Debug|x64.Build.0 = Debug|Any CPU
		{9AB2E2E3-1C85-4C7D-AB4B-8451CAF89FCE}.Debug|x86.ActiveCfg = Debug|Any CPU
		{9AB2E2E3-1C85-4C7D-AB4B-8451CAF89FCE}.Debug|x86.Build.0 = Debug|Any CPU
		{9AB2E2E3-1C85-4C7D-AB4B-8451CAF89FCE}.Release|Any CPU.ActiveCfg = Release|Any CPU
		{9AB2E2E3-1C85-4C7D-AB4B-8451CAF89FCE}.Release|Any CPU.Build.0 = Release|Any CPU
		{9AB2E2E3-1C85-4C7D-AB4B-8451CAF89FCE}.Release|x64.ActiveCfg = Release|Any CPU
		{9AB2E2E3-1C85-4C7D-AB4B-8451CAF89FCE}.Release|x64.Build.0 = Release|Any CPU
		{9AB2E2E3-1C85-4C7D-AB4B-8451CAF89FCE}.Release|x86.ActiveCfg = Release|Any CPU
		{9AB2E2E3-1C85-4C7D-AB4B-8451CAF89FCE}.Release|x86.Build.0 = Release|Any CPU
	EndGlobalSection
EndGlobal
